
Microsoft Visual Studio Solution File, Format Version 11.00
# Visual Studio 2010
Project("{FAE04EC0-301F-11D3-BF4B-00C04F79EFBC}") = "Assembly-CSharp-Editor", "Assembly-CSharp-Editor.csproj", "{804b340f-dc1a-537a-3cfc-c340fe30da1f}"
EndProject
Project("{FAE04EC0-301F-11D3-BF4B-00C04F79EFBC}") = "Assembly-CSharp", "Assembly-CSharp.csproj", "{ef93a507-06ec-f2d0-cc1e-6bf0569b3855}"
EndProject
Global
	GlobalSection(SolutionConfigurationPlatforms) = preSolution
		Debug|Any CPU = Debug|Any CPU
	EndGlobalSection
	GlobalSection(ProjectConfigurationPlatforms) = postSolution
		{804b340f-dc1a-537a-3cfc-c340fe30da1f}.Debug|Any CPU.ActiveCfg = Debug|Any CPU
		{804b340f-dc1a-537a-3cfc-c340fe30da1f}.Debug|Any CPU.Build.0 = Debug|Any CPU
		{ef93a507-06ec-f2d0-cc1e-6bf0569b3855}.Debug|Any CPU.ActiveCfg = Debug|Any CPU
		{ef93a507-06ec-f2d0-cc1e-6bf0569b3855}.Debug|Any CPU.Build.0 = Debug|Any CPU
	EndGlobalSection
	GlobalSection(SolutionProperties) = preSolution
		HideSolutionNode = FALSE
	EndGlobalSection
EndGlobal
